github.com/dutchcoders/go-clamd v0.0.0-20170520113014-b970184f4d9e h1:rcHHSQqzCgvlwP0I/fQ8rQMn/MpHE5gWSLdtpxtP6KQ=
github.com/dutchcoders/go-clamd v0.0.0-20170520113014-b970184f4d9e/go.mod h1:Byz7q8MSzSPkouskHJhX0er2mZY/m0Vj5bMeMCkkyY4=
github.com/hashicorp/go-version v1.0.0 h1:21MVWPKDphxa7ineQQTrCU5brh7OuVVAzGOCnnCPtE8=
github.com/hashicorp/go-version v1.0.0/go.mod h1:fltr4n8CU8Ke44wwGCBoEymUuxUHl09ZGVZPK5anwXA=
github.com/mitchellh/gox v1.0.1 h1:x0jD3dcHk9a9xPSDN6YEL4xL6Qz0dvNYm8yZqui5chI=
github.com/mitchellh/gox v1.0.1/go.mod h1:ED6BioOGXMswlXa2zxfh/xdd5QhwYliBFn9V18Ap4z4=
github.com/mitchellh/iochan v1.0.0 h1:C+X3KsSTLFVBr/tK1eYN/vs4rJcvsiLU338UhYPJWeY=
github.com/mitchellh/iochan v1.0.0/go.mod h1:JwYml1nuB7xOzsp52dPpHFffvOCDupsG0QubkSMEySY=
github.com/olivere/env v1.1.0 h1:owp/uwMwhru5668JjMDp8UTG3JGT27GTCk4ufYQfaTw=
github.com/olivere/env v1.1.0/go.mod h1:zaoXy53SjZfxqZBGiGrZCkuVLYPdwrc+vArPuUVhJdQ=
